
Microsoft Visual Studio Solution File, Format Version 12.00
# Visual Studio 2012
Project("{FAE04EC0-301F-11D3-BF4B-00C04F79EFBC}") = "VersionUpdater", "src\VersionUpdater\VersionUpdater.csproj", "{452A07E6-F978-48EC-837B-B8C8549D0E9E}"
EndProject
Project("{FAE04EC0-301F-11D3-BF4B-00C04F79EFBC}") = "VersionUpdaterTestHarness", "src\VersionUpdaterTestHarness\VersionUpdaterTestHarness.csproj", "{AC112B3E-95B8-4050-9898-2B622EEC7BDA}"
EndProject
Global
	GlobalSection(SolutionConfigurationPlatforms) = preSolution
		Alpha|x86 = Alpha|x86
		Beta|x86 = Beta|x86
		Candidate|x86 = Candidate|x86
		Debug|x86 = Debug|x86
		Release|x86 = Release|x86
	EndGlobalSection
	GlobalSection(ProjectConfigurationPlatforms) = postSolution
		{452A07E6-F978-48EC-837B-B8C8549D0E9E}.Alpha|x86.ActiveCfg = Alpha|x86
		{452A07E6-F978-48EC-837B-B8C8549D0E9E}.Alpha|x86.Build.0 = Alpha|x86
		{452A07E6-F978-48EC-837B-B8C8549D0E9E}.Beta|x86.ActiveCfg = Beta|x86
		{452A07E6-F978-48EC-837B-B8C8549D0E9E}.Beta|x86.Build.0 = Beta|x86
		{452A07E6-F978-48EC-837B-B8C8549D0E9E}.Candidate|x86.ActiveCfg = Candidate|x86
		{452A07E6-F978-48EC-837B-B8C8549D0E9E}.Candidate|x86.Build.0 = Candidate|x86
		{452A07E6-F978-48EC-837B-B8C8549D0E9E}.Debug|x86.ActiveCfg = Debug|x86
		{452A07E6-F978-48EC-837B-B8C8549D0E9E}.Debug|x86.Build.0 = Debug|x86
		{452A07E6-F978-48EC-837B-B8C8549D0E9E}.Release|x86.ActiveCfg = Release|x86
		{452A07E6-F978-48EC-837B-B8C8549D0E9E}.Release|x86.Build.0 = Release|x86
		{AC112B3E-95B8-4050-9898-2B622EEC7BDA}.Alpha|x86.ActiveCfg = Alpha|x86
		{AC112B3E-95B8-4050-9898-2B622EEC7BDA}.Alpha|x86.Build.0 = Alpha|x86
		{AC112B3E-95B8-4050-9898-2B622EEC7BDA}.Beta|x86.ActiveCfg = Beta|x86
		{AC112B3E-95B8-4050-9898-2B622EEC7BDA}.Beta|x86.Build.0 = Beta|x86
		{AC112B3E-95B8-4050-9898-2B622EEC7BDA}.Candidate|x86.ActiveCfg = Candidate|x86
		{AC112B3E-95B8-4050-9898-2B622EEC7BDA}.Candidate|x86.Build.0 = Candidate|x86
		{AC112B3E-95B8-4050-9898-2B622EEC7BDA}.Debug|x86.ActiveCfg = Debug|x86
		{AC112B3E-95B8-4050-9898-2B622EEC7BDA}.Debug|x86.Build.0 = Debug|x86
		{AC112B3E-95B8-4050-9898-2B622EEC7BDA}.Release|x86.ActiveCfg = Release|x86
		{AC112B3E-95B8-4050-9898-2B622EEC7BDA}.Release|x86.Build.0 = Release|x86
	EndGlobalSection
	GlobalSection(SolutionProperties) = preSolution
		HideSolutionNode = FALSE
	EndGlobalSection
EndGlobal
